
Microsoft Visual Studio Solution File, Format Version 12.00
# Visual Studio Version 17
VisualStudioVersion = 17.11.35431.28
MinimumVisualStudioVersion = 10.0.40219.1
Project("{FAE04EC0-301F-11D3-BF4B-00C04F79EFBC}") = "FlightBookingApi", "FlightBookingApi\FlightBookingApi.csproj", "{FFDD9340-1D7D-41EC-9546-72669D8863FA}"
EndProject
Global
	GlobalSection(SolutionConfigurationPlatforms) = preSolution
		Debug|Any CPU = Debug|Any CPU
		Release|Any CPU = Release|Any CPU
	EndGlobalSection
	GlobalSection(ProjectConfigurationPlatforms) = postSolution
		{FFDD9340-1D7D-41EC-9546-72669D8863FA}.Debug|Any CPU.ActiveCfg = Debug|Any CPU
		{FFDD9340-1D7D-41EC-9546-72669D8863FA}.Debug|Any CPU.Build.0 = Debug|Any CPU
		{FFDD9340-1D7D-41EC-9546-72669D8863FA}.Release|Any CPU.ActiveCfg = Release|Any CPU
		{FFDD9340-1D7D-41EC-9546-72669D8863FA}.Release|Any CPU.Build.0 = Release|Any CPU
	EndGlobalSection
	GlobalSection(SolutionProperties) = preSolution
		HideSolutionNode = FALSE
	EndGlobalSection
	GlobalSection(ExtensibilityGlobals) = postSolution
		SolutionGuid = {C46CB6C8-091E-4F45-8F46-7E1FA9EE39FC}
	EndGlobalSection
EndGlobal
